
Microsoft Visual Studio Solution File, Format Version 12.00
# Visual Studio 15
Project("{FAE04EC0-301F-11D3-BF4B-00C04F79EFBC}") = "Marias", "Marias\Marias.csproj", "{615E7F5F-23BE-46C0-AB26-8A42D2C81995}"
EndProject
Global
	GlobalSection(SolutionConfigurationPlatforms) = preSolution
		Debug|Any CPU = Debug|Any CPU
		Release|Any CPU = Release|Any CPU
	EndGlobalSection
	GlobalSection(ProjectConfigurationPlatforms) = postSolution
		{615E7F5F-23BE-46C0-AB26-8A42D2C81995}.Debug|Any CPU.ActiveCfg = Debug|Any CPU
		{615E7F5F-23BE-46C0-AB26-8A42D2C81995}.Debug|Any CPU.Build.0 = Debug|Any CPU
		{615E7F5F-23BE-46C0-AB26-8A42D2C81995}.Release|Any CPU.ActiveCfg = Release|Any CPU
		{615E7F5F-23BE-46C0-AB26-8A42D2C81995}.Release|Any CPU.Build.0 = Release|Any CPU
	EndGlobalSection
EndGlobal
